// !$*UTF8*$!
{
	archiveVersion = 1;
	classes = {
	};
	objectVersion = 56;
	objects = {

/* Begin PBXBuildFile section */
		AD175B512AF79A5D008684F5 /* MenuViewController.swift in Sources */ = {isa = PBXBuildFile; fileRef = AD175B502AF79A5D008684F5 /* MenuViewController.swift */; };
		AD175B532AF79A7B008684F5 /* MenuViewModel.swift in Sources */ = {isa = PBXBuildFile; fileRef = AD175B522AF79A7B008684F5 /* MenuViewModel.swift */; };
		AD175B552AF79A87008684F5 /* MenuCoordinator.swift in Sources */ = {isa = PBXBuildFile; fileRef = AD175B542AF79A87008684F5 /* MenuCoordinator.swift */; };
		AD175B5B2AF79E35008684F5 /* WelcomeViewModel.swift in Sources */ = {isa = PBXBuildFile; fileRef = AD175B5A2AF79E35008684F5 /* WelcomeViewModel.swift */; };
		AD175B5D2AF79E3C008684F5 /* WelcomeViewController.swift in Sources */ = {isa = PBXBuildFile; fileRef = AD175B5C2AF79E3C008684F5 /* WelcomeViewController.swift */; };
		AD2AA2D12B065B2B00458E5E /* LocationListViewModel.swift in Sources */ = {isa = PBXBuildFile; fileRef = AD2AA2D02B065B2B00458E5E /* LocationListViewModel.swift */; };
		AD2AA2D32B065B3B00458E5E /* LocationListViewController.swift in Sources */ = {isa = PBXBuildFile; fileRef = AD2AA2D22B065B3B00458E5E /* LocationListViewController.swift */; };
		AD2AA2D52B065B6F00458E5E /* LocationListCoordinator.swift in Sources */ = {isa = PBXBuildFile; fileRef = AD2AA2D42B065B6F00458E5E /* LocationListCoordinator.swift */; };
		AD2AA2D72B065C9500458E5E /* LocationModel.swift in Sources */ = {isa = PBXBuildFile; fileRef = AD2AA2D62B065C9500458E5E /* LocationModel.swift */; };
		AD2AA2DA2B065D6E00458E5E /* LocationService.swift in Sources */ = {isa = PBXBuildFile; fileRef = AD2AA2D92B065D6E00458E5E /* LocationService.swift */; };
		AD2AA2DC2B065DDF00458E5E /* LocationResult.swift in Sources */ = {isa = PBXBuildFile; fileRef = AD2AA2DB2B065DDF00458E5E /* LocationResult.swift */; };
		AD2AA2DE2B065E0700458E5E /* LocationApi.swift in Sources */ = {isa = PBXBuildFile; fileRef = AD2AA2DD2B065E0700458E5E /* LocationApi.swift */; };
		AD2AA2E02B065E9A00458E5E /* LocationEndpoint.swift in Sources */ = {isa = PBXBuildFile; fileRef = AD2AA2DF2B065E9A00458E5E /* LocationEndpoint.swift */; };
		AD2AA2E22B065F4F00458E5E /* CharacterResult.swift in Sources */ = {isa = PBXBuildFile; fileRef = AD2AA2E12B065F4F00458E5E /* CharacterResult.swift */; };
		AD2AA2E42B0662DE00458E5E /* LocationCell.swift in Sources */ = {isa = PBXBuildFile; fileRef = AD2AA2E32B0662DE00458E5E /* LocationCell.swift */; };
		AD2AA2E62B06653800458E5E /* LocationCellViewModel.swift in Sources */ = {isa = PBXBuildFile; fileRef = AD2AA2E52B06653800458E5E /* LocationCellViewModel.swift */; };
		AD402CBD2AF7A1F400CBAA03 /* Label.swift in Sources */ = {isa = PBXBuildFile; fileRef = AD402CBC2AF7A1F400CBAA03 /* Label.swift */; };
		AD402CBF2AF7A20900CBAA03 /* TextStyle.swift in Sources */ = {isa = PBXBuildFile; fileRef = AD402CBE2AF7A20900CBAA03 /* TextStyle.swift */; };
		AD402CC12AF7A22C00CBAA03 /* UIFont+AppFonts.swift in Sources */ = {isa = PBXBuildFile; fileRef = AD402CC02AF7A22C00CBAA03 /* UIFont+AppFonts.swift */; };
		AD402CC42AF7A3F300CBAA03 /* R.generated.swift in Sources */ = {isa = PBXBuildFile; fileRef = AD402CC32AF7A3F300CBAA03 /* R.generated.swift */; };
		AD402CC62AF7A41800CBAA03 /* Welcome.strings in Resources */ = {isa = PBXBuildFile; fileRef = AD402CC52AF7A41800CBAA03 /* Welcome.strings */; };
		AD402CC82AF7A4C000CBAA03 /* WelcomeCoordinator.swift in Sources */ = {isa = PBXBuildFile; fileRef = AD402CC72AF7A4C000CBAA03 /* WelcomeCoordinator.swift */; };
		AD402CCA2AF7AC1E00CBAA03 /* UIView+Gradient.swift in Sources */ = {isa = PBXBuildFile; fileRef = AD402CC92AF7AC1E00CBAA03 /* UIView+Gradient.swift */; };
		AD402CCD2AF7AD2D00CBAA03 /* GradientButton.swift in Sources */ = {isa = PBXBuildFile; fileRef = AD402CCC2AF7AD2D00CBAA03 /* GradientButton.swift */; };
		AD402CD12AF8CEC200CBAA03 /* DataStoreProtocol.swift in Sources */ = {isa = PBXBuildFile; fileRef = AD402CD02AF8CEC200CBAA03 /* DataStoreProtocol.swift */; };
		AD402CD32AF8CF1E00CBAA03 /* DataStoreService.swift in Sources */ = {isa = PBXBuildFile; fileRef = AD402CD22AF8CF1E00CBAA03 /* DataStoreService.swift */; };
		AD402CD52AF8D08800CBAA03 /* DIContainer.swift in Sources */ = {isa = PBXBuildFile; fileRef = AD402CD42AF8D08800CBAA03 /* DIContainer.swift */; };
		AD402CD72AF8D0FD00CBAA03 /* DataSourceAssembly.swift in Sources */ = {isa = PBXBuildFile; fileRef = AD402CD62AF8D0FD00CBAA03 /* DataSourceAssembly.swift */; };
		AD402CD92AF8D4BE00CBAA03 /* SceneAssembly.swift in Sources */ = {isa = PBXBuildFile; fileRef = AD402CD82AF8D4BE00CBAA03 /* SceneAssembly.swift */; };
		AD402CDB2AF8D51900CBAA03 /* WelcomeAssembly.swift in Sources */ = {isa = PBXBuildFile; fileRef = AD402CDA2AF8D51900CBAA03 /* WelcomeAssembly.swift */; };
		AD402CDD2AF8D5E100CBAA03 /* MenuAssembly.swift in Sources */ = {isa = PBXBuildFile; fileRef = AD402CDC2AF8D5E100CBAA03 /* MenuAssembly.swift */; };
		AD402CDF2AF8D65500CBAA03 /* Menu.strings in Resources */ = {isa = PBXBuildFile; fileRef = AD402CDE2AF8D65500CBAA03 /* Menu.strings */; };
		AD402CE22AF8D85500CBAA03 /* ReuseIdentifiable.swift in Sources */ = {isa = PBXBuildFile; fileRef = AD402CE12AF8D85500CBAA03 /* ReuseIdentifiable.swift */; };
		AD402CE42AF8D8C100CBAA03 /* MenuCell.swift in Sources */ = {isa = PBXBuildFile; fileRef = AD402CE32AF8D8C100CBAA03 /* MenuCell.swift */; };
		AD402CE62AF8DBC400CBAA03 /* MenuListCollectionLayout.swift in Sources */ = {isa = PBXBuildFile; fileRef = AD402CE52AF8DBC400CBAA03 /* MenuListCollectionLayout.swift */; };
		AD402CE82AF8DBE500CBAA03 /* MenuGalleryCollectionLayout.swift in Sources */ = {isa = PBXBuildFile; fileRef = AD402CE72AF8DBE500CBAA03 /* MenuGalleryCollectionLayout.swift */; };
		AD402CEA2AF8ECD900CBAA03 /* MenuCellViewModel.swift in Sources */ = {isa = PBXBuildFile; fileRef = AD402CE92AF8ECD900CBAA03 /* MenuCellViewModel.swift */; };
		AD402CF32AF8F4D300CBAA03 /* EpisodesCoordinator.swift in Sources */ = {isa = PBXBuildFile; fileRef = AD402CF22AF8F4D300CBAA03 /* EpisodesCoordinator.swift */; };
		AD402CF52AF8F4EF00CBAA03 /* EpisodesViewModel.swift in Sources */ = {isa = PBXBuildFile; fileRef = AD402CF42AF8F4EF00CBAA03 /* EpisodesViewModel.swift */; };
		AD402CF72AF8F4F600CBAA03 /* EpisodesViewController.swift in Sources */ = {isa = PBXBuildFile; fileRef = AD402CF62AF8F4F600CBAA03 /* EpisodesViewController.swift */; };
		AD402CFA2AF8F56800CBAA03 /* EpisodesAssembly.swift in Sources */ = {isa = PBXBuildFile; fileRef = AD402CF92AF8F56800CBAA03 /* EpisodesAssembly.swift */; };
		AD402CFC2AF8F5E900CBAA03 /* Episodes.strings in Resources */ = {isa = PBXBuildFile; fileRef = AD402CFB2AF8F5E900CBAA03 /* Episodes.strings */; };
		AD402D002AF8F8FA00CBAA03 /* HasEpisodesService.swift in Sources */ = {isa = PBXBuildFile; fileRef = AD402CFF2AF8F8FA00CBAA03 /* HasEpisodesService.swift */; };
		AD402D022AF8FABD00CBAA03 /* NetworkService.swift in Sources */ = {isa = PBXBuildFile; fileRef = AD402D012AF8FABD00CBAA03 /* NetworkService.swift */; };
		AD402D0A2AF8FF9E00CBAA03 /* Endpoint.swift in Sources */ = {isa = PBXBuildFile; fileRef = AD402D092AF8FF9E00CBAA03 /* Endpoint.swift */; };
		AD402D0C2AF9006600CBAA03 /* URLRequest+Headers.swift in Sources */ = {isa = PBXBuildFile; fileRef = AD402D0B2AF9006600CBAA03 /* URLRequest+Headers.swift */; };
		AD402D0E2AF9012100CBAA03 /* NetworkConfiguration.swift in Sources */ = {isa = PBXBuildFile; fileRef = AD402D0D2AF9012100CBAA03 /* NetworkConfiguration.swift */; };
		AD402D102AF9018F00CBAA03 /* EpisodeService.swift in Sources */ = {isa = PBXBuildFile; fileRef = AD402D0F2AF9018F00CBAA03 /* EpisodeService.swift */; };
		AD402D122AF901DD00CBAA03 /* EpisodeEndpoint.swift in Sources */ = {isa = PBXBuildFile; fileRef = AD402D112AF901DD00CBAA03 /* EpisodeEndpoint.swift */; };
		AD402D392AFCC93F00CBAA03 /* EpisodeModel.swift in Sources */ = {isa = PBXBuildFile; fileRef = AD402D382AFCC93F00CBAA03 /* EpisodeModel.swift */; };
		AD402D3C2AFCC9BA00CBAA03 /* HTTPStatusCode.swift in Sources */ = {isa = PBXBuildFile; fileRef = AD402D3B2AFCC9BA00CBAA03 /* HTTPStatusCode.swift */; };
		AD402D3E2AFCC9C400CBAA03 /* APIError.swift in Sources */ = {isa = PBXBuildFile; fileRef = AD402D3D2AFCC9C400CBAA03 /* APIError.swift */; };
		AD402D422AFCCA5000CBAA03 /* EpisodeApi.swift in Sources */ = {isa = PBXBuildFile; fileRef = AD402D412AFCCA5000CBAA03 /* EpisodeApi.swift */; };
		AD402D442AFCCA7100CBAA03 /* InfoApi.swift in Sources */ = {isa = PBXBuildFile; fileRef = AD402D432AFCCA7100CBAA03 /* InfoApi.swift */; };
		AD402D462AFCCA7E00CBAA03 /* EpisodeResult.swift in Sources */ = {isa = PBXBuildFile; fileRef = AD402D452AFCCA7E00CBAA03 /* EpisodeResult.swift */; };
		AD402D492AFCCAB500CBAA03 /* DomainConvertable.swift in Sources */ = {isa = PBXBuildFile; fileRef = AD402D482AFCCAB500CBAA03 /* DomainConvertable.swift */; };
		AD402D4E2AFCCE0D00CBAA03 /* EpisodeCell.swift in Sources */ = {isa = PBXBuildFile; fileRef = AD402D4D2AFCCE0D00CBAA03 /* EpisodeCell.swift */; };
		AD402D522AFCD13500CBAA03 /* TableViewDataSource.swift in Sources */ = {isa = PBXBuildFile; fileRef = AD402D512AFCD13500CBAA03 /* TableViewDataSource.swift */; };
		AD402D542AFCD1B400CBAA03 /* TableViewDataSourceProtocols.swift in Sources */ = {isa = PBXBuildFile; fileRef = AD402D532AFCD1B400CBAA03 /* TableViewDataSourceProtocols.swift */; };
		AD402D562AFCD22200CBAA03 /* TableSectionViewModel.swift in Sources */ = {isa = PBXBuildFile; fileRef = AD402D552AFCD22200CBAA03 /* TableSectionViewModel.swift */; };
		AD402D582AFCD3EF00CBAA03 /* EpisodeCellViewModel.swift in Sources */ = {isa = PBXBuildFile; fileRef = AD402D572AFCD3EF00CBAA03 /* EpisodeCellViewModel.swift */; };
		AD402D5A2AFCD5A900CBAA03 /* Bindable.swift in Sources */ = {isa = PBXBuildFile; fileRef = AD402D592AFCD5A900CBAA03 /* Bindable.swift */; };
		AD402D5C2AFCF96800CBAA03 /* EpisodeHeaderView.swift in Sources */ = {isa = PBXBuildFile; fileRef = AD402D5B2AFCF96800CBAA03 /* EpisodeHeaderView.swift */; };
		AD402D5E2AFCF97200CBAA03 /* EpisodeHeaderViewModel.swift in Sources */ = {isa = PBXBuildFile; fileRef = AD402D5D2AFCF97200CBAA03 /* EpisodeHeaderViewModel.swift */; };
		AD402D602AFE280200CBAA03 /* SimpleViewState.swift in Sources */ = {isa = PBXBuildFile; fileRef = AD402D5F2AFE280200CBAA03 /* SimpleViewState.swift */; };
		AD402D622AFE298E00CBAA03 /* SimpleViewStateHandleable.swift in Sources */ = {isa = PBXBuildFile; fileRef = AD402D612AFE298E00CBAA03 /* SimpleViewStateHandleable.swift */; };
		AD402D642AFE2E0200CBAA03 /* TableViewDataSourcePrefetching.swift in Sources */ = {isa = PBXBuildFile; fileRef = AD402D632AFE2E0200CBAA03 /* TableViewDataSourcePrefetching.swift */; };
		AD402D692AFE3FB800CBAA03 /* EpisodeDetailCoordinator.swift in Sources */ = {isa = PBXBuildFile; fileRef = AD402D682AFE3FB800CBAA03 /* EpisodeDetailCoordinator.swift */; };
		AD402D6B2AFE3FBF00CBAA03 /* EpisodeDetailViewModel.swift in Sources */ = {isa = PBXBuildFile; fileRef = AD402D6A2AFE3FBF00CBAA03 /* EpisodeDetailViewModel.swift */; };
		AD402D6D2AFE3FC800CBAA03 /* EpisodeDetailViewController.swift in Sources */ = {isa = PBXBuildFile; fileRef = AD402D6C2AFE3FC800CBAA03 /* EpisodeDetailViewController.swift */; };
		AD402D6F2AFE57DE00CBAA03 /* CharacterCell.swift in Sources */ = {isa = PBXBuildFile; fileRef = AD402D6E2AFE57DE00CBAA03 /* CharacterCell.swift */; };
		AD402D712AFE5A5400CBAA03 /* CharacterCellViewModel.swift in Sources */ = {isa = PBXBuildFile; fileRef = AD402D702AFE5A5300CBAA03 /* CharacterCellViewModel.swift */; };
		AD402D732AFE5B1E00CBAA03 /* CharacterModel.swift in Sources */ = {isa = PBXBuildFile; fileRef = AD402D722AFE5B1E00CBAA03 /* CharacterModel.swift */; };
		AD402D752AFE5B7400CBAA03 /* CharacterApi.swift in Sources */ = {isa = PBXBuildFile; fileRef = AD402D742AFE5B7400CBAA03 /* CharacterApi.swift */; };
		AD402D782AFE5C7A00CBAA03 /* CharacterService.swift in Sources */ = {isa = PBXBuildFile; fileRef = AD402D772AFE5C7A00CBAA03 /* CharacterService.swift */; };
		AD402D7A2AFE616F00CBAA03 /* CharacterByEpisodeResult.swift in Sources */ = {isa = PBXBuildFile; fileRef = AD402D792AFE616F00CBAA03 /* CharacterByEpisodeResult.swift */; };
		AD402D7C2AFE61F300CBAA03 /* CharacterEndpoint.swift in Sources */ = {isa = PBXBuildFile; fileRef = AD402D7B2AFE61F300CBAA03 /* CharacterEndpoint.swift */; };
		AD402D812AFE785B00CBAA03 /* ImageService.swift in Sources */ = {isa = PBXBuildFile; fileRef = AD402D802AFE785B00CBAA03 /* ImageService.swift */; };
		AD402D842AFFB05D00CBAA03 /* CacheService.swift in Sources */ = {isa = PBXBuildFile; fileRef = AD402D832AFFB05D00CBAA03 /* CacheService.swift */; };
		AD402D8A2AFFB44000CBAA03 /* CharacterDetailViewController.swift in Sources */ = {isa = PBXBuildFile; fileRef = AD402D892AFFB44000CBAA03 /* CharacterDetailViewController.swift */; };
		AD402D8C2AFFB44A00CBAA03 /* CharacterDetailViewModel.swift in Sources */ = {isa = PBXBuildFile; fileRef = AD402D8B2AFFB44A00CBAA03 /* CharacterDetailViewModel.swift */; };
		AD402D8E2AFFB45600CBAA03 /* CharacterDetailCoordinator.swift in Sources */ = {isa = PBXBuildFile; fileRef = AD402D8D2AFFB45600CBAA03 /* CharacterDetailCoordinator.swift */; };
		AD402D902B00B13100CBAA03 /* CharacterPageView.swift in Sources */ = {isa = PBXBuildFile; fileRef = AD402D8F2B00B13100CBAA03 /* CharacterPageView.swift */; };
		AD402D922B00B25D00CBAA03 /* CharacterPageViewModel.swift in Sources */ = {isa = PBXBuildFile; fileRef = AD402D912B00B25D00CBAA03 /* CharacterPageViewModel.swift */; };
		AD402D952B01519E00CBAA03 /* ImageDataServiceCachingProtocol.swift in Sources */ = {isa = PBXBuildFile; fileRef = AD402D942B01519E00CBAA03 /* ImageDataServiceCachingProtocol.swift */; };
		AD402D972B01557400CBAA03 /* CharacterPage.strings in Resources */ = {isa = PBXBuildFile; fileRef = AD402D962B01557400CBAA03 /* CharacterPage.strings */; };
		AD402D992B01565B00CBAA03 /* Character.strings in Resources */ = {isa = PBXBuildFile; fileRef = AD402D982B01565B00CBAA03 /* Character.strings */; };
		AD402D9B2B027C8C00CBAA03 /* EpisodeDetailAssembly.swift in Sources */ = {isa = PBXBuildFile; fileRef = AD402D9A2B027C8C00CBAA03 /* EpisodeDetailAssembly.swift */; };
		AD402D9E2B02825200CBAA03 /* CharacterDetailAssembly.swift in Sources */ = {isa = PBXBuildFile; fileRef = AD402D9D2B02825200CBAA03 /* CharacterDetailAssembly.swift */; };
		ADFECCA32AF65AAE001FF541 /* AppDelegate.swift in Sources */ = {isa = PBXBuildFile; fileRef = ADFECCA22AF65AAE001FF541 /* AppDelegate.swift */; };
		ADFECCA52AF65AAE001FF541 /* SceneDelegate.swift in Sources */ = {isa = PBXBuildFile; fileRef = ADFECCA42AF65AAE001FF541 /* SceneDelegate.swift */; };
		ADFECCAC2AF65AB0001FF541 /* Assets.xcassets in Resources */ = {isa = PBXBuildFile; fileRef = ADFECCAB2AF65AB0001FF541 /* Assets.xcassets */; };
		ADFECCAF2AF65AB0001FF541 /* LaunchScreen.storyboard in Resources */ = {isa = PBXBuildFile; fileRef = ADFECCAD2AF65AB0001FF541 /* LaunchScreen.storyboard */; };
		ADFECCBD2AF66032001FF541 /* Coordinator.swift in Sources */ = {isa = PBXBuildFile; fileRef = ADFECCBC2AF66032001FF541 /* Coordinator.swift */; };
		ADFECCBF2AF6604E001FF541 /* ConfigurableCoordinator.swift in Sources */ = {isa = PBXBuildFile; fileRef = ADFECCBE2AF6604E001FF541 /* ConfigurableCoordinator.swift */; };
		ADFECCC12AF66073001FF541 /* NavigationController.swift in Sources */ = {isa = PBXBuildFile; fileRef = ADFECCC02AF66073001FF541 /* NavigationController.swift */; };
		ADFECCC32AF6613F001FF541 /* NavigationPopObserver.swift in Sources */ = {isa = PBXBuildFile; fileRef = ADFECCC22AF6613F001FF541 /* NavigationPopObserver.swift */; };
		ADFECCC52AF66169001FF541 /* BaseViewController.swift in Sources */ = {isa = PBXBuildFile; fileRef = ADFECCC42AF66169001FF541 /* BaseViewController.swift */; };
		ADFECCC82AF66378001FF541 /* AppCoordinator.swift in Sources */ = {isa = PBXBuildFile; fileRef = ADFECCC72AF66378001FF541 /* AppCoordinator.swift */; };
		F039D66D7FC1480985651A9F /* Pods_RickAndMorty.framework in Frameworks */ = {isa = PBXBuildFile; fileRef = B5E1840B7F827B0648486EA7 /* Pods_RickAndMorty.framework */; };
/* End PBXBuildFile section */

/* Begin PBXFileReference section */
		403FF0B6B88A2E5CD9CE3B61 /* Pods-RickAndMorty.debug.xcconfig */ = {isa = PBXFileReference; includeInIndex = 1; lastKnownFileType = text.xcconfig; name = "Pods-RickAndMorty.debug.xcconfig"; path = "Target Support Files/Pods-RickAndMorty/Pods-RickAndMorty.debug.xcconfig"; sourceTree = "<group>"; };
		AD175B502AF79A5D008684F5 /* MenuViewController.swift */ = {isa = PBXFileReference; lastKnownFileType = sourcecode.swift; path = MenuViewController.swift; sourceTree = "<group>"; };
		AD175B522AF79A7B008684F5 /* MenuViewModel.swift */ = {isa = PBXFileReference; lastKnownFileType = sourcecode.swift; path = MenuViewModel.swift; sourceTree = "<group>"; };
		AD175B542AF79A87008684F5 /* MenuCoordinator.swift */ = {isa = PBXFileReference; lastKnownFileType = sourcecode.swift; path = MenuCoordinator.swift; sourceTree = "<group>"; };
		AD175B5A2AF79E35008684F5 /* WelcomeViewModel.swift */ = {isa = PBXFileReference; lastKnownFileType = sourcecode.swift; path = WelcomeViewModel.swift; sourceTree = "<group>"; };
		AD175B5C2AF79E3C008684F5 /* WelcomeViewController.swift */ = {isa = PBXFileReference; lastKnownFileType = sourcecode.swift; path = WelcomeViewController.swift; sourceTree = "<group>"; };
		AD2AA2D02B065B2B00458E5E /* LocationListViewModel.swift */ = {isa = PBXFileReference; lastKnownFileType = sourcecode.swift; path = LocationListViewModel.swift; sourceTree = "<group>"; };
		AD2AA2D22B065B3B00458E5E /* LocationListViewController.swift */ = {isa = PBXFileReference; lastKnownFileType = sourcecode.swift; path = LocationListViewController.swift; sourceTree = "<group>"; };
		AD2AA2D42B065B6F00458E5E /* LocationListCoordinator.swift */ = {isa = PBXFileReference; lastKnownFileType = sourcecode.swift; path = LocationListCoordinator.swift; sourceTree = "<group>"; };
		AD2AA2D62B065C9500458E5E /* LocationModel.swift */ = {isa = PBXFileReference; lastKnownFileType = sourcecode.swift; path = LocationModel.swift; sourceTree = "<group>"; };
		AD2AA2D92B065D6E00458E5E /* LocationService.swift */ = {isa = PBXFileReference; lastKnownFileType = sourcecode.swift; path = LocationService.swift; sourceTree = "<group>"; };
		AD2AA2DB2B065DDF00458E5E /* LocationResult.swift */ = {isa = PBXFileReference; lastKnownFileType = sourcecode.swift; path = LocationResult.swift; sourceTree = "<group>"; };
		AD2AA2DD2B065E0700458E5E /* LocationApi.swift */ = {isa = PBXFileReference; lastKnownFileType = sourcecode.swift; path = LocationApi.swift; sourceTree = "<group>"; };
		AD2AA2DF2B065E9A00458E5E /* LocationEndpoint.swift */ = {isa = PBXFileReference; lastKnownFileType = sourcecode.swift; path = LocationEndpoint.swift; sourceTree = "<group>"; };
		AD2AA2E12B065F4F00458E5E /* CharacterResult.swift */ = {isa = PBXFileReference; lastKnownFileType = sourcecode.swift; path = CharacterResult.swift; sourceTree = "<group>"; };
		AD2AA2E32B0662DE00458E5E /* LocationCell.swift */ = {isa = PBXFileReference; lastKnownFileType = sourcecode.swift; path = LocationCell.swift; sourceTree = "<group>"; };
		AD2AA2E52B06653800458E5E /* LocationCellViewModel.swift */ = {isa = PBXFileReference; lastKnownFileType = sourcecode.swift; path = LocationCellViewModel.swift; sourceTree = "<group>"; };
		AD402CBC2AF7A1F400CBAA03 /* Label.swift */ = {isa = PBXFileReference; lastKnownFileType = sourcecode.swift; path = Label.swift; sourceTree = "<group>"; };
		AD402CBE2AF7A20900CBAA03 /* TextStyle.swift */ = {isa = PBXFileReference; lastKnownFileType = sourcecode.swift; path = TextStyle.swift; sourceTree = "<group>"; };
		AD402CC02AF7A22C00CBAA03 /* UIFont+AppFonts.swift */ = {isa = PBXFileReference; lastKnownFileType = sourcecode.swift; path = "UIFont+AppFonts.swift"; sourceTree = "<group>"; };
		AD402CC32AF7A3F300CBAA03 /* R.generated.swift */ = {isa = PBXFileReference; fileEncoding = 4; lastKnownFileType = sourcecode.swift; path = R.generated.swift; sourceTree = "<group>"; };
		AD402CC52AF7A41800CBAA03 /* Welcome.strings */ = {isa = PBXFileReference; lastKnownFileType = text.plist.strings; path = Welcome.strings; sourceTree = "<group>"; };
		AD402CC72AF7A4C000CBAA03 /* WelcomeCoordinator.swift */ = {isa = PBXFileReference; lastKnownFileType = sourcecode.swift; path = WelcomeCoordinator.swift; sourceTree = "<group>"; };
		AD402CC92AF7AC1E00CBAA03 /* UIView+Gradient.swift */ = {isa = PBXFileReference; lastKnownFileType = sourcecode.swift; path = "UIView+Gradient.swift"; sourceTree = "<group>"; };
		AD402CCC2AF7AD2D00CBAA03 /* GradientButton.swift */ = {isa = PBXFileReference; lastKnownFileType = sourcecode.swift; path = GradientButton.swift; sourceTree = "<group>"; };
		AD402CD02AF8CEC200CBAA03 /* DataStoreProtocol.swift */ = {isa = PBXFileReference; lastKnownFileType = sourcecode.swift; path = DataStoreProtocol.swift; sourceTree = "<group>"; };
		AD402CD22AF8CF1E00CBAA03 /* DataStoreService.swift */ = {isa = PBXFileReference; lastKnownFileType = sourcecode.swift; path = DataStoreService.swift; sourceTree = "<group>"; };
		AD402CD42AF8D08800CBAA03 /* DIContainer.swift */ = {isa = PBXFileReference; lastKnownFileType = sourcecode.swift; path = DIContainer.swift; sourceTree = "<group>"; };
		AD402CD62AF8D0FD00CBAA03 /* DataSourceAssembly.swift */ = {isa = PBXFileReference; lastKnownFileType = sourcecode.swift; path = DataSourceAssembly.swift; sourceTree = "<group>"; };
		AD402CD82AF8D4BE00CBAA03 /* SceneAssembly.swift */ = {isa = PBXFileReference; lastKnownFileType = sourcecode.swift; path = SceneAssembly.swift; sourceTree = "<group>"; };
		AD402CDA2AF8D51900CBAA03 /* WelcomeAssembly.swift */ = {isa = PBXFileReference; lastKnownFileType = sourcecode.swift; path = WelcomeAssembly.swift; sourceTree = "<group>"; };
		AD402CDC2AF8D5E100CBAA03 /* MenuAssembly.swift */ = {isa = PBXFileReference; lastKnownFileType = sourcecode.swift; path = MenuAssembly.swift; sourceTree = "<group>"; };
		AD402CDE2AF8D65500CBAA03 /* Menu.strings */ = {isa = PBXFileReference; lastKnownFileType = text.plist.strings; path = Menu.strings; sourceTree = "<group>"; };
		AD402CE12AF8D85500CBAA03 /* ReuseIdentifiable.swift */ = {isa = PBXFileReference; lastKnownFileType = sourcecode.swift; path = ReuseIdentifiable.swift; sourceTree = "<group>"; };
		AD402CE32AF8D8C100CBAA03 /* MenuCell.swift */ = {isa = PBXFileReference; lastKnownFileType = sourcecode.swift; path = MenuCell.swift; sourceTree = "<group>"; };
		AD402CE52AF8DBC400CBAA03 /* MenuListCollectionLayout.swift */ = {isa = PBXFileReference; lastKnownFileType = sourcecode.swift; path = MenuListCollectionLayout.swift; sourceTree = "<group>"; };
		AD402CE72AF8DBE500CBAA03 /* MenuGalleryCollectionLayout.swift */ = {isa = PBXFileReference; lastKnownFileType = sourcecode.swift; path = MenuGalleryCollectionLayout.swift; sourceTree = "<group>"; };
		AD402CE92AF8ECD900CBAA03 /* MenuCellViewModel.swift */ = {isa = PBXFileReference; lastKnownFileType = sourcecode.swift; path = MenuCellViewModel.swift; sourceTree = "<group>"; };
		AD402CF22AF8F4D300CBAA03 /* EpisodesCoordinator.swift */ = {isa = PBXFileReference; lastKnownFileType = sourcecode.swift; path = EpisodesCoordinator.swift; sourceTree = "<group>"; };
		AD402CF42AF8F4EF00CBAA03 /* EpisodesViewModel.swift */ = {isa = PBXFileReference; lastKnownFileType = sourcecode.swift; path = EpisodesViewModel.swift; sourceTree = "<group>"; };
		AD402CF62AF8F4F600CBAA03 /* EpisodesViewController.swift */ = {isa = PBXFileReference; lastKnownFileType = sourcecode.swift; path = EpisodesViewController.swift; sourceTree = "<group>"; };
		AD402CF92AF8F56800CBAA03 /* EpisodesAssembly.swift */ = {isa = PBXFileReference; lastKnownFileType = sourcecode.swift; path = EpisodesAssembly.swift; sourceTree = "<group>"; };
		AD402CFB2AF8F5E900CBAA03 /* Episodes.strings */ = {isa = PBXFileReference; lastKnownFileType = text.plist.strings; path = Episodes.strings; sourceTree = "<group>"; };
		AD402CFF2AF8F8FA00CBAA03 /* HasEpisodesService.swift */ = {isa = PBXFileReference; lastKnownFileType = sourcecode.swift; path = HasEpisodesService.swift; sourceTree = "<group>"; };
		AD402D012AF8FABD00CBAA03 /* NetworkService.swift */ = {isa = PBXFileReference; lastKnownFileType = sourcecode.swift; path = NetworkService.swift; sourceTree = "<group>"; };
		AD402D092AF8FF9E00CBAA03 /* Endpoint.swift */ = {isa = PBXFileReference; lastKnownFileType = sourcecode.swift; path = Endpoint.swift; sourceTree = "<group>"; };
		AD402D0B2AF9006600CBAA03 /* URLRequest+Headers.swift */ = {isa = PBXFileReference; lastKnownFileType = sourcecode.swift; path = "URLRequest+Headers.swift"; sourceTree = "<group>"; };
		AD402D0D2AF9012100CBAA03 /* NetworkConfiguration.swift */ = {isa = PBXFileReference; lastKnownFileType = sourcecode.swift; path = NetworkConfiguration.swift; sourceTree = "<group>"; };
		AD402D0F2AF9018F00CBAA03 /* EpisodeService.swift */ = {isa = PBXFileReference; lastKnownFileType = sourcecode.swift; path = EpisodeService.swift; sourceTree = "<group>"; };
		AD402D112AF901DD00CBAA03 /* EpisodeEndpoint.swift */ = {isa = PBXFileReference; lastKnownFileType = sourcecode.swift; path = EpisodeEndpoint.swift; sourceTree = "<group>"; };
		AD402D382AFCC93F00CBAA03 /* EpisodeModel.swift */ = {isa = PBXFileReference; lastKnownFileType = sourcecode.swift; path = EpisodeModel.swift; sourceTree = "<group>"; };
		AD402D3B2AFCC9BA00CBAA03 /* HTTPStatusCode.swift */ = {isa = PBXFileReference; lastKnownFileType = sourcecode.swift; path = HTTPStatusCode.swift; sourceTree = "<group>"; };
		AD402D3D2AFCC9C400CBAA03 /* APIError.swift */ = {isa = PBXFileReference; lastKnownFileType = sourcecode.swift; path = APIError.swift; sourceTree = "<group>"; };
		AD402D412AFCCA5000CBAA03 /* EpisodeApi.swift */ = {isa = PBXFileReference; lastKnownFileType = sourcecode.swift; path = EpisodeApi.swift; sourceTree = "<group>"; };
		AD402D432AFCCA7100CBAA03 /* InfoApi.swift */ = {isa = PBXFileReference; lastKnownFileType = sourcecode.swift; path = InfoApi.swift; sourceTree = "<group>"; };
		AD402D452AFCCA7E00CBAA03 /* EpisodeResult.swift */ = {isa = PBXFileReference; lastKnownFileType = sourcecode.swift; path = EpisodeResult.swift; sourceTree = "<group>"; };
		AD402D482AFCCAB500CBAA03 /* DomainConvertable.swift */ = {isa = PBXFileReference; lastKnownFileType = sourcecode.swift; path = DomainConvertable.swift; sourceTree = "<group>"; };
		AD402D4D2AFCCE0D00CBAA03 /* EpisodeCell.swift */ = {isa = PBXFileReference; lastKnownFileType = sourcecode.swift; path = EpisodeCell.swift; sourceTree = "<group>"; };
		AD402D512AFCD13500CBAA03 /* TableViewDataSource.swift */ = {isa = PBXFileReference; lastKnownFileType = sourcecode.swift; path = TableViewDataSource.swift; sourceTree = "<group>"; };
		AD402D532AFCD1B400CBAA03 /* TableViewDataSourceProtocols.swift */ = {isa = PBXFileReference; lastKnownFileType = sourcecode.swift; path = TableViewDataSourceProtocols.swift; sourceTree = "<group>"; };
		AD402D552AFCD22200CBAA03 /* TableSectionViewModel.swift */ = {isa = PBXFileReference; lastKnownFileType = sourcecode.swift; path = TableSectionViewModel.swift; sourceTree = "<group>"; };
		AD402D572AFCD3EF00CBAA03 /* EpisodeCellViewModel.swift */ = {isa = PBXFileReference; lastKnownFileType = sourcecode.swift; path = EpisodeCellViewModel.swift; sourceTree = "<group>"; };
		AD402D592AFCD5A900CBAA03 /* Bindable.swift */ = {isa = PBXFileReference; lastKnownFileType = sourcecode.swift; path = Bindable.swift; sourceTree = "<group>"; };
		AD402D5B2AFCF96800CBAA03 /* EpisodeHeaderView.swift */ = {isa = PBXFileReference; lastKnownFileType = sourcecode.swift; path = EpisodeHeaderView.swift; sourceTree = "<group>"; };
		AD402D5D2AFCF97200CBAA03 /* EpisodeHeaderViewModel.swift */ = {isa = PBXFileReference; lastKnownFileType = sourcecode.swift; path = EpisodeHeaderViewModel.swift; sourceTree = "<group>"; };
		AD402D5F2AFE280200CBAA03 /* SimpleViewState.swift */ = {isa = PBXFileReference; lastKnownFileType = sourcecode.swift; path = SimpleViewState.swift; sourceTree = "<group>"; };
		AD402D612AFE298E00CBAA03 /* SimpleViewStateHandleable.swift */ = {isa = PBXFileReference; lastKnownFileType = sourcecode.swift; path = SimpleViewStateHandleable.swift; sourceTree = "<group>"; };
		AD402D632AFE2E0200CBAA03 /* TableViewDataSourcePrefetching.swift */ = {isa = PBXFileReference; lastKnownFileType = sourcecode.swift; path = TableViewDataSourcePrefetching.swift; sourceTree = "<group>"; };
		AD402D682AFE3FB800CBAA03 /* EpisodeDetailCoordinator.swift */ = {isa = PBXFileReference; lastKnownFileType = sourcecode.swift; path = EpisodeDetailCoordinator.swift; sourceTree = "<group>"; };
		AD402D6A2AFE3FBF00CBAA03 /* EpisodeDetailViewModel.swift */ = {isa = PBXFileReference; lastKnownFileType = sourcecode.swift; path = EpisodeDetailViewModel.swift; sourceTree = "<group>"; };
		AD402D6C2AFE3FC800CBAA03 /* EpisodeDetailViewController.swift */ = {isa = PBXFileReference; lastKnownFileType = sourcecode.swift; path = EpisodeDetailViewController.swift; sourceTree = "<group>"; };
		AD402D6E2AFE57DE00CBAA03 /* CharacterCell.swift */ = {isa = PBXFileReference; lastKnownFileType = sourcecode.swift; path = CharacterCell.swift; sourceTree = "<group>"; };
		AD402D702AFE5A5300CBAA03 /* CharacterCellViewModel.swift */ = {isa = PBXFileReference; lastKnownFileType = sourcecode.swift; path = CharacterCellViewModel.swift; sourceTree = "<group>"; };
		AD402D722AFE5B1E00CBAA03 /* CharacterModel.swift */ = {isa = PBXFileReference; lastKnownFileType = sourcecode.swift; path = CharacterModel.swift; sourceTree = "<group>"; };
		AD402D742AFE5B7400CBAA03 /* CharacterApi.swift */ = {isa = PBXFileReference; lastKnownFileType = sourcecode.swift; path = CharacterApi.swift; sourceTree = "<group>"; };
		AD402D772AFE5C7A00CBAA03 /* CharacterService.swift */ = {isa = PBXFileReference; lastKnownFileType = sourcecode.swift; path = CharacterService.swift; sourceTree = "<group>"; };
		AD402D792AFE616F00CBAA03 /* CharacterByEpisodeResult.swift */ = {isa = PBXFileReference; lastKnownFileType = sourcecode.swift; path = CharacterByEpisodeResult.swift; sourceTree = "<group>"; };
		AD402D7B2AFE61F300CBAA03 /* CharacterEndpoint.swift */ = {isa = PBXFileReference; lastKnownFileType = sourcecode.swift; path = CharacterEndpoint.swift; sourceTree = "<group>"; };
		AD402D802AFE785B00CBAA03 /* ImageService.swift */ = {isa = PBXFileReference; lastKnownFileType = sourcecode.swift; path = ImageService.swift; sourceTree = "<group>"; };
		AD402D832AFFB05D00CBAA03 /* CacheService.swift */ = {isa = PBXFileReference; lastKnownFileType = sourcecode.swift; path = CacheService.swift; sourceTree = "<group>"; };
		AD402D892AFFB44000CBAA03 /* CharacterDetailViewController.swift */ = {isa = PBXFileReference; lastKnownFileType = sourcecode.swift; path = CharacterDetailViewController.swift; sourceTree = "<group>"; };
		AD402D8B2AFFB44A00CBAA03 /* CharacterDetailViewModel.swift */ = {isa = PBXFileReference; lastKnownFileType = sourcecode.swift; path = CharacterDetailViewModel.swift; sourceTree = "<group>"; };
		AD402D8D2AFFB45600CBAA03 /* CharacterDetailCoordinator.swift */ = {isa = PBXFileReference; lastKnownFileType = sourcecode.swift; path = CharacterDetailCoordinator.swift; sourceTree = "<group>"; };
		AD402D8F2B00B13100CBAA03 /* CharacterPageView.swift */ = {isa = PBXFileReference; lastKnownFileType = sourcecode.swift; path = CharacterPageView.swift; sourceTree = "<group>"; };
		AD402D912B00B25D00CBAA03 /* CharacterPageViewModel.swift */ = {isa = PBXFileReference; lastKnownFileType = sourcecode.swift; path = CharacterPageViewModel.swift; sourceTree = "<group>"; };
		AD402D942B01519E00CBAA03 /* ImageDataServiceCachingProtocol.swift */ = {isa = PBXFileReference; lastKnownFileType = sourcecode.swift; path = ImageDataServiceCachingProtocol.swift; sourceTree = "<group>"; };
		AD402D962B01557400CBAA03 /* CharacterPage.strings */ = {isa = PBXFileReference; lastKnownFileType = text.plist.strings; path = CharacterPage.strings; sourceTree = "<group>"; };
		AD402D982B01565B00CBAA03 /* Character.strings */ = {isa = PBXFileReference; lastKnownFileType = text.plist.strings; path = Character.strings; sourceTree = "<group>"; };
		AD402D9A2B027C8C00CBAA03 /* EpisodeDetailAssembly.swift */ = {isa = PBXFileReference; lastKnownFileType = sourcecode.swift; path = EpisodeDetailAssembly.swift; sourceTree = "<group>"; };
		AD402D9D2B02825200CBAA03 /* CharacterDetailAssembly.swift */ = {isa = PBXFileReference; lastKnownFileType = sourcecode.swift; path = CharacterDetailAssembly.swift; sourceTree = "<group>"; };
		ADFECC9F2AF65AAE001FF541 /* RickAndMorty.app */ = {isa = PBXFileReference; explicitFileType = wrapper.application; includeInIndex = 0; path = RickAndMorty.app; sourceTree = BUILT_PRODUCTS_DIR; };
		ADFECCA22AF65AAE001FF541 /* AppDelegate.swift */ = {isa = PBXFileReference; lastKnownFileType = sourcecode.swift; path = AppDelegate.swift; sourceTree = "<group>"; };
		ADFECCA42AF65AAE001FF541 /* SceneDelegate.swift */ = {isa = PBXFileReference; lastKnownFileType = sourcecode.swift; path = SceneDelegate.swift; sourceTree = "<group>"; };
		ADFECCAB2AF65AB0001FF541 /* Assets.xcassets */ = {isa = PBXFileReference; lastKnownFileType = folder.assetcatalog; path = Assets.xcassets; sourceTree = "<group>"; };
		ADFECCAE2AF65AB0001FF541 /* Base */ = {isa = PBXFileReference; lastKnownFileType = file.storyboard; name = Base; path = Base.lproj/LaunchScreen.storyboard; sourceTree = "<group>"; };
		ADFECCB02AF65AB0001FF541 /* Info.plist */ = {isa = PBXFileReference; lastKnownFileType = text.plist.xml; path = Info.plist; sourceTree = "<group>"; };
		ADFECCBC2AF66032001FF541 /* Coordinator.swift */ = {isa = PBXFileReference; lastKnownFileType = sourcecode.swift; path = Coordinator.swift; sourceTree = "<group>"; };
		ADFECCBE2AF6604E001FF541 /* ConfigurableCoordinator.swift */ = {isa = PBXFileReference; lastKnownFileType = sourcecode.swift; path = ConfigurableCoordinator.swift; sourceTree = "<group>"; };
		ADFECCC02AF66073001FF541 /* NavigationController.swift */ = {isa = PBXFileReference; lastKnownFileType = sourcecode.swift; path = NavigationController.swift; sourceTree = "<group>"; };
		ADFECCC22AF6613F001FF541 /* NavigationPopObserver.swift */ = {isa = PBXFileReference; lastKnownFileType = sourcecode.swift; path = NavigationPopObserver.swift; sourceTree = "<group>"; };
		ADFECCC42AF66169001FF541 /* BaseViewController.swift */ = {isa = PBXFileReference; lastKnownFileType = sourcecode.swift; path = BaseViewController.swift; sourceTree = "<group>"; };
		ADFECCC72AF66378001FF541 /* AppCoordinator.swift */ = {isa = PBXFileReference; lastKnownFileType = sourcecode.swift; path = AppCoordinator.swift; sourceTree = "<group>"; };
		B5E1840B7F827B0648486EA7 /* Pods_RickAndMorty.framework */ = {isa = PBXFileReference; explicitFileType = wrapper.framework; includeInIndex = 0; path = Pods_RickAndMorty.framework; sourceTree = BUILT_PRODUCTS_DIR; };
		BEC65BD5046138B518C806FC /* Pods-RickAndMorty.release.xcconfig */ = {isa = PBXFileReference; includeInIndex = 1; lastKnownFileType = text.xcconfig; name = "Pods-RickAndMorty.release.xcconfig"; path = "Target Support Files/Pods-RickAndMorty/Pods-RickAndMorty.release.xcconfig"; sourceTree = "<group>"; };
/* End PBXFileReference section */

/* Begin PBXFrameworksBuildPhase section */
		ADFECC9C2AF65AAE001FF541 /* Frameworks */ = {
			isa = PBXFrameworksBuildPhase;
			buildActionMask = 2147483647;
			files = (
				F039D66D7FC1480985651A9F /* Pods_RickAndMorty.framework in Frameworks */,
			);
			runOnlyForDeploymentPostprocessing = 0;
		};
/* End PBXFrameworksBuildPhase section */

/* Begin PBXGroup section */
		7C9A29AFE67F0CF29DE837AE /* Pods */ = {
			isa = PBXGroup;
			children = (
				403FF0B6B88A2E5CD9CE3B61 /* Pods-RickAndMorty.debug.xcconfig */,
				BEC65BD5046138B518C806FC /* Pods-RickAndMorty.release.xcconfig */,
			);
			path = Pods;
			sourceTree = "<group>";
		};
		AD175B4F2AF79A54008684F5 /* Menu */ = {
			isa = PBXGroup;
			children = (
				AD175B542AF79A87008684F5 /* MenuCoordinator.swift */,
				AD175B502AF79A5D008684F5 /* MenuViewController.swift */,
				AD175B522AF79A7B008684F5 /* MenuViewModel.swift */,
				AD402CE32AF8D8C100CBAA03 /* MenuCell.swift */,
				AD402CE92AF8ECD900CBAA03 /* MenuCellViewModel.swift */,
				AD402CFE2AF8F65700CBAA03 /* Layouts */,
			);
			path = Menu;
			sourceTree = "<group>";
		};
		AD175B562AF79C4C008684F5 /* Extensions */ = {
			isa = PBXGroup;
			children = (
				AD402CC02AF7A22C00CBAA03 /* UIFont+AppFonts.swift */,
				AD402CC92AF7AC1E00CBAA03 /* UIView+Gradient.swift */,
				AD402D0B2AF9006600CBAA03 /* URLRequest+Headers.swift */,
			);
			path = Extensions;
			sourceTree = "<group>";
		};
		AD175B592AF79E27008684F5 /* Welcome */ = {
			isa = PBXGroup;
			children = (
				AD175B5A2AF79E35008684F5 /* WelcomeViewModel.swift */,
				AD175B5C2AF79E3C008684F5 /* WelcomeViewController.swift */,
				AD402CC72AF7A4C000CBAA03 /* WelcomeCoordinator.swift */,
			);
			path = Welcome;
			sourceTree = "<group>";
		};
		AD2AA2CF2B065B1A00458E5E /* Locations */ = {
			isa = PBXGroup;
			children = (
				AD2AA2D02B065B2B00458E5E /* LocationListViewModel.swift */,
				AD2AA2D22B065B3B00458E5E /* LocationListViewController.swift */,
				AD2AA2D42B065B6F00458E5E /* LocationListCoordinator.swift */,
				AD2AA2E32B0662DE00458E5E /* LocationCell.swift */,
				AD2AA2E52B06653800458E5E /* LocationCellViewModel.swift */,
			);
			path = Locations;
			sourceTree = "<group>";
		};
		AD2AA2D82B065D5600458E5E /* NetworkService+Location */ = {
			isa = PBXGroup;
			children = (
				AD2AA2D92B065D6E00458E5E /* LocationService.swift */,
				AD2AA2DF2B065E9A00458E5E /* LocationEndpoint.swift */,
			);
			path = "NetworkService+Location";
			sourceTree = "<group>";
		};
		AD402CBA2AF7A1E300CBAA03 /* Views */ = {
			isa = PBXGroup;
			children = (
				AD402CCB2AF7AD2600CBAA03 /* Button */,
				AD402CBB2AF7A1EE00CBAA03 /* Label */,
			);
			path = Views;
			sourceTree = "<group>";
		};
		AD402CBB2AF7A1EE00CBAA03 /* Label */ = {
			isa = PBXGroup;
			children = (
				AD402CBC2AF7A1F400CBAA03 /* Label.swift */,
				AD402CBE2AF7A20900CBAA03 /* TextStyle.swift */,
			);
			path = Label;
			sourceTree = "<group>";
		};
		AD402CCB2AF7AD2600CBAA03 /* Button */ = {
			isa = PBXGroup;
			children = (
				AD402CCC2AF7AD2D00CBAA03 /* GradientButton.swift */,
			);
			path = Button;
			sourceTree = "<group>";
		};
		AD402CCE2AF8CE9A00CBAA03 /* DI */ = {
			isa = PBXGroup;
			children = (
				AD402CEB2AF8F26C00CBAA03 /* DependencyAssemblers */,
				AD402CD42AF8D08800CBAA03 /* DIContainer.swift */,
			);
			path = DI;
			sourceTree = "<group>";
		};
		AD402CCF2AF8CE9E00CBAA03 /* Services */ = {
			isa = PBXGroup;
			children = (
				AD402D932B01517400CBAA03 /* Cache */,
				AD402D042AF8FB3000CBAA03 /* Network */,
				AD402D032AF8FB2000CBAA03 /* Data Store */,
			);
			path = Services;
			sourceTree = "<group>";
		};
		AD402CE02AF8D83D00CBAA03 /* Protocols */ = {
			isa = PBXGroup;
			children = (
				AD402CE12AF8D85500CBAA03 /* ReuseIdentifiable.swift */,
			);
			path = Protocols;
			sourceTree = "<group>";
		};
		AD402CEB2AF8F26C00CBAA03 /* DependencyAssemblers */ = {
			isa = PBXGroup;
			children = (
				AD402CEC2AF8F28600CBAA03 /* Scenes */,
				AD402CD62AF8D0FD00CBAA03 /* DataSourceAssembly.swift */,
				AD402CD82AF8D4BE00CBAA03 /* SceneAssembly.swift */,
			);
			path = DependencyAssemblers;
			sourceTree = "<group>";
		};
		AD402CEC2AF8F28600CBAA03 /* Scenes */ = {
			isa = PBXGroup;
			children = (
				AD402D9C2B02824600CBAA03 /* Character */,
				AD402CF82AF8F55900CBAA03 /* Episodes */,
				AD402CEE2AF8F29600CBAA03 /* Menu */,
				AD402CED2AF8F29100CBAA03 /* Welcome */,
			);
			path = Scenes;
			sourceTree = "<group>";
		};
		AD402CED2AF8F29100CBAA03 /* Welcome */ = {
			isa = PBXGroup;
			children = (
				AD402CDA2AF8D51900CBAA03 /* WelcomeAssembly.swift */,
			);
			path = Welcome;
			sourceTree = "<group>";
		};
		AD402CEE2AF8F29600CBAA03 /* Menu */ = {
			isa = PBXGroup;
			children = (
				AD402CDC2AF8D5E100CBAA03 /* MenuAssembly.swift */,
			);
			path = Menu;
			sourceTree = "<group>";
		};
		AD402CF12AF8F4C400CBAA03 /* Episodes */ = {
			isa = PBXGroup;
			children = (
				AD402D862AFFB3FA00CBAA03 /* Header */,
				AD402D852AFFB3E900CBAA03 /* Cell */,
				AD402CF22AF8F4D300CBAA03 /* EpisodesCoordinator.swift */,
				AD402CF42AF8F4EF00CBAA03 /* EpisodesViewModel.swift */,
				AD402CF62AF8F4F600CBAA03 /* EpisodesViewController.swift */,
				AD402D672AFE3F4B00CBAA03 /* EpisodeDetail */,
			);
			path = Episodes;
			sourceTree = "<group>";
		};
		AD402CF82AF8F55900CBAA03 /* Episodes */ = {
			isa = PBXGroup;
			children = (
				AD402CF92AF8F56800CBAA03 /* EpisodesAssembly.swift */,
				AD402D9A2B027C8C00CBAA03 /* EpisodeDetailAssembly.swift */,
			);
			path = Episodes;
			sourceTree = "<group>";
		};
		AD402CFD2AF8F5EC00CBAA03 /* Localizable */ = {
			isa = PBXGroup;
			children = (
				AD402CC52AF7A41800CBAA03 /* Welcome.strings */,
				AD402CDE2AF8D65500CBAA03 /* Menu.strings */,
				AD402CFB2AF8F5E900CBAA03 /* Episodes.strings */,
				AD402D962B01557400CBAA03 /* CharacterPage.strings */,
				AD402D982B01565B00CBAA03 /* Character.strings */,
			);
			path = Localizable;
			sourceTree = "<group>";
		};
		AD402CFE2AF8F65700CBAA03 /* Layouts */ = {
			isa = PBXGroup;
			children = (
				AD402CE52AF8DBC400CBAA03 /* MenuListCollectionLayout.swift */,
				AD402CE72AF8DBE500CBAA03 /* MenuGalleryCollectionLayout.swift */,
			);
			path = Layouts;
			sourceTree = "<group>";
		};
		AD402D032AF8FB2000CBAA03 /* Data Store */ = {
			isa = PBXGroup;
			children = (
				AD402CD02AF8CEC200CBAA03 /* DataStoreProtocol.swift */,
				AD402CD22AF8CF1E00CBAA03 /* DataStoreService.swift */,
			);
			path = "Data Store";
			sourceTree = "<group>";
		};
		AD402D042AF8FB3000CBAA03 /* Network */ = {
			isa = PBXGroup;
			children = (
				AD402D092AF8FF9E00CBAA03 /* Endpoint.swift */,
				AD402D472AFCCAA600CBAA03 /* Protocols */,
				AD402D402AFCCA4200CBAA03 /* Results */,
				AD402D3F2AFCCA1100CBAA03 /* Model */,
				AD402D3A2AFCC9A100CBAA03 /* NetworkService */,
			);
			path = Network;
			sourceTree = "<group>";
		};
		AD402D372AFCC92100CBAA03 /* Model */ = {
			isa = PBXGroup;
			children = (
				AD402D382AFCC93F00CBAA03 /* EpisodeModel.swift */,
				AD402D722AFE5B1E00CBAA03 /* CharacterModel.swift */,
				AD2AA2D62B065C9500458E5E /* LocationModel.swift */,
			);
			path = Model;
			sourceTree = "<group>";
		};
		AD402D3A2AFCC9A100CBAA03 /* NetworkService */ = {
			isa = PBXGroup;
			children = (
				AD402D012AF8FABD00CBAA03 /* NetworkService.swift */,
				AD402D0D2AF9012100CBAA03 /* NetworkConfiguration.swift */,
				AD402D3B2AFCC9BA00CBAA03 /* HTTPStatusCode.swift */,
				AD402D3D2AFCC9C400CBAA03 /* APIError.swift */,
				AD2AA2D82B065D5600458E5E /* NetworkService+Location */,
				AD402D822AFFB02600CBAA03 /* NetworkService+ImageDataService */,
				AD402D762AFE5C6800CBAA03 /* NetworkService+Character */,
				AD402D4A2AFCCB3B00CBAA03 /* NetworkService+Episode */,
			);
			path = NetworkService;
			sourceTree = "<group>";
		};
		AD402D3F2AFCCA1100CBAA03 /* Model */ = {
			isa = PBXGroup;
			children = (
				AD402D412AFCCA5000CBAA03 /* EpisodeApi.swift */,
				AD402D432AFCCA7100CBAA03 /* InfoApi.swift */,
				AD402D742AFE5B7400CBAA03 /* CharacterApi.swift */,
				AD2AA2DD2B065E0700458E5E /* LocationApi.swift */,
			);
			path = Model;
			sourceTree = "<group>";
		};
		AD402D402AFCCA4200CBAA03 /* Results */ = {
			isa = PBXGroup;
			children = (
				AD402D452AFCCA7E00CBAA03 /* EpisodeResult.swift */,
				AD402D792AFE616F00CBAA03 /* CharacterByEpisodeResult.swift */,
				AD2AA2DB2B065DDF00458E5E /* LocationResult.swift */,
				AD2AA2E12B065F4F00458E5E /* CharacterResult.swift */,
			);
			path = Results;
			sourceTree = "<group>";
		};
		AD402D472AFCCAA600CBAA03 /* Protocols */ = {
			isa = PBXGroup;
			children = (
				AD402D482AFCCAB500CBAA03 /* DomainConvertable.swift */,
			);
			path = Protocols;
			sourceTree = "<group>";
		};
		AD402D4A2AFCCB3B00CBAA03 /* NetworkService+Episode */ = {
			isa = PBXGroup;
			children = (
				AD402CFF2AF8F8FA00CBAA03 /* HasEpisodesService.swift */,
				AD402D0F2AF9018F00CBAA03 /* EpisodeService.swift */,
				AD402D112AF901DD00CBAA03 /* EpisodeEndpoint.swift */,
			);
			path = "NetworkService+Episode";
			sourceTree = "<group>";
		};
		AD402D4F2AFCD12200CBAA03 /* Helpers */ = {
			isa = PBXGroup;
			children = (
				AD402D652AFE3E7000CBAA03 /* SimpleViewState */,
				AD402D502AFCD12900CBAA03 /* TableViewDataSource */,
				AD402D592AFCD5A900CBAA03 /* Bindable.swift */,
			);
			path = Helpers;
			sourceTree = "<group>";
		};
		AD402D502AFCD12900CBAA03 /* TableViewDataSource */ = {
			isa = PBXGroup;
			children = (
				AD402D662AFE3E8700CBAA03 /* DataSourcePrefetching */,
				AD402D512AFCD13500CBAA03 /* TableViewDataSource.swift */,
				AD402D532AFCD1B400CBAA03 /* TableViewDataSourceProtocols.swift */,
				AD402D552AFCD22200CBAA03 /* TableSectionViewModel.swift */,
			);
			path = TableViewDataSource;
			sourceTree = "<group>";
		};
		AD402D652AFE3E7000CBAA03 /* SimpleViewState */ = {
			isa = PBXGroup;
			children = (
				AD402D5F2AFE280200CBAA03 /* SimpleViewState.swift */,
				AD402D612AFE298E00CBAA03 /* SimpleViewStateHandleable.swift */,
			);
			path = SimpleViewState;
			sourceTree = "<group>";
		};
		AD402D662AFE3E8700CBAA03 /* DataSourcePrefetching */ = {
			isa = PBXGroup;
			children = (
				AD402D632AFE2E0200CBAA03 /* TableViewDataSourcePrefetching.swift */,
			);
			path = DataSourcePrefetching;
			sourceTree = "<group>";
		};
		AD402D672AFE3F4B00CBAA03 /* EpisodeDetail */ = {
			isa = PBXGroup;
			children = (
				AD402D682AFE3FB800CBAA03 /* EpisodeDetailCoordinator.swift */,
				AD402D6C2AFE3FC800CBAA03 /* EpisodeDetailViewController.swift */,
				AD402D6A2AFE3FBF00CBAA03 /* EpisodeDetailViewModel.swift */,
			);
			path = EpisodeDetail;
			sourceTree = "<group>";
		};
		AD402D762AFE5C6800CBAA03 /* NetworkService+Character */ = {
			isa = PBXGroup;
			children = (
				AD402D772AFE5C7A00CBAA03 /* CharacterService.swift */,
				AD402D7B2AFE61F300CBAA03 /* CharacterEndpoint.swift */,
			);
			path = "NetworkService+Character";
			sourceTree = "<group>";
		};
		AD402D822AFFB02600CBAA03 /* NetworkService+ImageDataService */ = {
			isa = PBXGroup;
			children = (
				AD402D802AFE785B00CBAA03 /* ImageService.swift */,
				AD402D942B01519E00CBAA03 /* ImageDataServiceCachingProtocol.swift */,
			);
			path = "NetworkService+ImageDataService";
			sourceTree = "<group>";
		};
		AD402D852AFFB3E900CBAA03 /* Cell */ = {
			isa = PBXGroup;
			children = (
				AD402D4D2AFCCE0D00CBAA03 /* EpisodeCell.swift */,
				AD402D572AFCD3EF00CBAA03 /* EpisodeCellViewModel.swift */,
			);
			path = Cell;
			sourceTree = "<group>";
		};
		AD402D862AFFB3FA00CBAA03 /* Header */ = {
			isa = PBXGroup;
			children = (
				AD402D5B2AFCF96800CBAA03 /* EpisodeHeaderView.swift */,
				AD402D5D2AFCF97200CBAA03 /* EpisodeHeaderViewModel.swift */,
			);
			path = Header;
			sourceTree = "<group>";
		};
		AD402D872AFFB40A00CBAA03 /* Character */ = {
			isa = PBXGroup;
			children = (
				AD402D6E2AFE57DE00CBAA03 /* CharacterCell.swift */,
				AD402D702AFE5A5300CBAA03 /* CharacterCellViewModel.swift */,
				AD402D882AFFB42B00CBAA03 /* CharacterDetail */,
			);
			path = Character;
			sourceTree = "<group>";
		};
		AD402D882AFFB42B00CBAA03 /* CharacterDetail */ = {
			isa = PBXGroup;
			children = (
				AD402D892AFFB44000CBAA03 /* CharacterDetailViewController.swift */,
				AD402D8B2AFFB44A00CBAA03 /* CharacterDetailViewModel.swift */,
				AD402D8D2AFFB45600CBAA03 /* CharacterDetailCoordinator.swift */,
				AD402D8F2B00B13100CBAA03 /* CharacterPageView.swift */,
				AD402D912B00B25D00CBAA03 /* CharacterPageViewModel.swift */,
			);
			path = CharacterDetail;
			sourceTree = "<group>";
		};
		AD402D932B01517400CBAA03 /* Cache */ = {
			isa = PBXGroup;
			children = (
				AD402D832AFFB05D00CBAA03 /* CacheService.swift */,
			);
			path = Cache;
			sourceTree = "<group>";
		};
		AD402D9C2B02824600CBAA03 /* Character */ = {
			isa = PBXGroup;
			children = (
				AD402D9D2B02825200CBAA03 /* CharacterDetailAssembly.swift */,
			);
			path = Character;
			sourceTree = "<group>";
		};
		ADFECC962AF65AAE001FF541 = {
			isa = PBXGroup;
			children = (
				ADFECCA12AF65AAE001FF541 /* RickAndMorty */,
				ADFECCA02AF65AAE001FF541 /* Products */,
				7C9A29AFE67F0CF29DE837AE /* Pods */,
				E8A52D901B64BB79651E414F /* Frameworks */,
			);
			sourceTree = "<group>";
		};
		ADFECCA02AF65AAE001FF541 /* Products */ = {
			isa = PBXGroup;
			children = (
				ADFECC9F2AF65AAE001FF541 /* RickAndMorty.app */,
			);
			name = Products;
			sourceTree = "<group>";
		};
		ADFECCA12AF65AAE001FF541 /* RickAndMorty */ = {
			isa = PBXGroup;
			children = (
				ADFECCB92AF65C24001FF541 /* Resources */,
				ADFECCB62AF65BFC001FF541 /* Sources */,
				ADFECCAD2AF65AB0001FF541 /* LaunchScreen.storyboard */,
				ADFECCB02AF65AB0001FF541 /* Info.plist */,
			);
			path = RickAndMorty;
			sourceTree = "<group>";
		};
		ADFECCB62AF65BFC001FF541 /* Sources */ = {
			isa = PBXGroup;
			children = (
				ADFECCB72AF65C0D001FF541 /* Application */,
				ADFECCBB2AF66027001FF541 /* Base */,
				AD402D4F2AFCD12200CBAA03 /* Helpers */,
				AD402D372AFCC92100CBAA03 /* Model */,
				AD402CE02AF8D83D00CBAA03 /* Protocols */,
				AD402CCF2AF8CE9E00CBAA03 /* Services */,
				AD402CCE2AF8CE9A00CBAA03 /* DI */,
				AD402CBA2AF7A1E300CBAA03 /* Views */,
				AD175B562AF79C4C008684F5 /* Extensions */,
				ADFECCB82AF65C17001FF541 /* Scenes */,
			);
			path = Sources;
			sourceTree = "<group>";
		};
		ADFECCB72AF65C0D001FF541 /* Application */ = {
			isa = PBXGroup;
			children = (
				ADFECCA22AF65AAE001FF541 /* AppDelegate.swift */,
				ADFECCA42AF65AAE001FF541 /* SceneDelegate.swift */,
			);
			path = Application;
			sourceTree = "<group>";
		};
		ADFECCB82AF65C17001FF541 /* Scenes */ = {
			isa = PBXGroup;
			children = (
				AD2AA2CF2B065B1A00458E5E /* Locations */,
				AD402D872AFFB40A00CBAA03 /* Character */,
				AD402CF12AF8F4C400CBAA03 /* Episodes */,
				AD175B592AF79E27008684F5 /* Welcome */,
				AD175B4F2AF79A54008684F5 /* Menu */,
				ADFECCC62AF66337001FF541 /* Main */,
			);
			path = Scenes;
			sourceTree = "<group>";
		};
		ADFECCB92AF65C24001FF541 /* Resources */ = {
			isa = PBXGroup;
			children = (
				ADFECCAB2AF65AB0001FF541 /* Assets.xcassets */,
				AD402CC32AF7A3F300CBAA03 /* R.generated.swift */,
				AD402CFD2AF8F5EC00CBAA03 /* Localizable */,
			);
			path = Resources;
			sourceTree = "<group>";
		};
		ADFECCBB2AF66027001FF541 /* Base */ = {
			isa = PBXGroup;
			children = (
				ADFECCBC2AF66032001FF541 /* Coordinator.swift */,
				ADFECCBE2AF6604E001FF541 /* ConfigurableCoordinator.swift */,
				ADFECCC02AF66073001FF541 /* NavigationController.swift */,
				ADFECCC22AF6613F001FF541 /* NavigationPopObserver.swift */,
				ADFECCC42AF66169001FF541 /* BaseViewController.swift */,
			);
			path = Base;
			sourceTree = "<group>";
		};
		ADFECCC62AF66337001FF541 /* Main */ = {
			isa = PBXGroup;
			children = (
				ADFECCC72AF66378001FF541 /* AppCoordinator.swift */,
			);
			path = Main;
			sourceTree = "<group>";
		};
		E8A52D901B64BB79651E414F /* Frameworks */ = {
			isa = PBXGroup;
			children = (
				B5E1840B7F827B0648486EA7 /* Pods_RickAndMorty.framework */,
			);
			name = Frameworks;
			sourceTree = "<group>";
		};
/* End PBXGroup section */

/* Begin PBXNativeTarget section */
		ADFECC9E2AF65AAE001FF541 /* RickAndMorty */ = {
			isa = PBXNativeTarget;
			buildConfigurationList = ADFECCB32AF65AB0001FF541 /* Build configuration list for PBXNativeTarget "RickAndMorty" */;
			buildPhases = (
				5F61D93BE131F2E516FBEC88 /* [CP] Check Pods Manifest.lock */,
				AD402CC22AF7A34600CBAA03 /* R.swift */,
				ADFECCBA2AF65E35001FF541 /* SwiftLint */,
				ADFECC9B2AF65AAE001FF541 /* Sources */,
				ADFECC9C2AF65AAE001FF541 /* Frameworks */,
				ADFECC9D2AF65AAE001FF541 /* Resources */,
				9DDB52A24501BB74BBFE6EA0 /* [CP] Embed Pods Frameworks */,
			);
			buildRules = (
			);
			dependencies = (
			);
			name = RickAndMorty;
			productName = RickAndMorty;
			productReference = ADFECC9F2AF65AAE001FF541 /* RickAndMorty.app */;
			productType = "com.apple.product-type.application";
		};
/* End PBXNativeTarget section */

/* Begin PBXProject section */
		ADFECC972AF65AAE001FF541 /* Project object */ = {
			isa = PBXProject;
			attributes = {
				BuildIndependentTargetsInParallel = 1;
				LastSwiftUpdateCheck = 1500;
				LastUpgradeCheck = 1500;
				TargetAttributes = {
					ADFECC9E2AF65AAE001FF541 = {
						CreatedOnToolsVersion = 15.0.1;
					};
				};
			};
			buildConfigurationList = ADFECC9A2AF65AAE001FF541 /* Build configuration list for PBXProject "RickAndMorty" */;
			compatibilityVersion = "Xcode 14.0";
			developmentRegion = en;
			hasScannedForEncodings = 0;
			knownRegions = (
				en,
				Base,
			);
			mainGroup = ADFECC962AF65AAE001FF541;
			productRefGroup = ADFECCA02AF65AAE001FF541 /* Products */;
			projectDirPath = "";
			projectRoot = "";
			targets = (
				ADFECC9E2AF65AAE001FF541 /* RickAndMorty */,
			);
		};
/* End PBXProject section */

/* Begin PBXResourcesBuildPhase section */
		ADFECC9D2AF65AAE001FF541 /* Resources */ = {
			isa = PBXResourcesBuildPhase;
			buildActionMask = 2147483647;
			files = (
				AD402CC62AF7A41800CBAA03 /* Welcome.strings in Resources */,
				AD402D972B01557400CBAA03 /* CharacterPage.strings in Resources */,
				AD402CDF2AF8D65500CBAA03 /* Menu.strings in Resources */,
				ADFECCAF2AF65AB0001FF541 /* LaunchScreen.storyboard in Resources */,
				AD402D992B01565B00CBAA03 /* Character.strings in Resources */,
				AD402CFC2AF8F5E900CBAA03 /* Episodes.strings in Resources */,
				ADFECCAC2AF65AB0001FF541 /* Assets.xcassets in Resources */,
			);
			runOnlyForDeploymentPostprocessing = 0;
		};
/* End PBXResourcesBuildPhase section */

/* Begin PBXShellScriptBuildPhase section */
		5F61D93BE131F2E516FBEC88 /* [CP] Check Pods Manifest.lock */ = {
			isa = PBXShellScriptBuildPhase;
			buildActionMask = 2147483647;
			files = (
			);
			inputFileListPaths = (
			);
			inputPaths = (
				"${PODS_PODFILE_DIR_PATH}/Podfile.lock",
				"${PODS_ROOT}/Manifest.lock",
			);
			name = "[CP] Check Pods Manifest.lock";
			outputFileListPaths = (
			);
			outputPaths = (
				"$(DERIVED_FILE_DIR)/Pods-RickAndMorty-checkManifestLockResult.txt",
			);
			runOnlyForDeploymentPostprocessing = 0;
			shellPath = /bin/sh;
			shellScript = "diff \"${PODS_PODFILE_DIR_PATH}/Podfile.lock\" \"${PODS_ROOT}/Manifest.lock\" > /dev/null\nif [ $? != 0 ] ; then\n    # print error to STDERR\n    echo \"error: The sandbox is not in sync with the Podfile.lock. Run 'pod install' or update your CocoaPods installation.\" >&2\n    exit 1\nfi\n# This output is used by Xcode 'outputs' to avoid re-running this script phase.\necho \"SUCCESS\" > \"${SCRIPT_OUTPUT_FILE_0}\"\n";
			showEnvVarsInLog = 0;
		};
		9DDB52A24501BB74BBFE6EA0 /* [CP] Embed Pods Frameworks */ = {
			isa = PBXShellScriptBuildPhase;
			buildActionMask = 2147483647;
			files = (
			);
			inputFileListPaths = (
				"${PODS_ROOT}/Target Support Files/Pods-RickAndMorty/Pods-RickAndMorty-frameworks-${CONFIGURATION}-input-files.xcfilelist",
			);
			name = "[CP] Embed Pods Frameworks";
			outputFileListPaths = (
				"${PODS_ROOT}/Target Support Files/Pods-RickAndMorty/Pods-RickAndMorty-frameworks-${CONFIGURATION}-output-files.xcfilelist",
			);
			runOnlyForDeploymentPostprocessing = 0;
			shellPath = /bin/sh;
			shellScript = "\"${PODS_ROOT}/Target Support Files/Pods-RickAndMorty/Pods-RickAndMorty-frameworks.sh\"\n";
			showEnvVarsInLog = 0;
		};
		AD402CC22AF7A34600CBAA03 /* R.swift */ = {
			isa = PBXShellScriptBuildPhase;
			alwaysOutOfDate = 1;
			buildActionMask = 2147483647;
			files = (
			);
			inputFileListPaths = (
			);
			inputPaths = (
				"$TEMP_DIR/rswift-lastrun",
			);
			name = R.swift;
			outputFileListPaths = (
			);
			outputPaths = (
				$SRCROOT/$TARGET_NAME/Resources/R.generated.swift,
			);
			runOnlyForDeploymentPostprocessing = 0;
			shellPath = /bin/sh;
			shellScript = "\"$PODS_ROOT/R.swift/rswift\" generate \"$SRCROOT/$TARGET_NAME/Resources/R.generated.swift\"\n";
		};
		ADFECCBA2AF65E35001FF541 /* SwiftLint */ = {
			isa = PBXShellScriptBuildPhase;
			buildActionMask = 2147483647;
			files = (
			);
			inputFileListPaths = (
			);
			inputPaths = (
			);
			name = SwiftLint;
			outputFileListPaths = (
			);
			outputPaths = (
			);
			runOnlyForDeploymentPostprocessing = 0;
			shellPath = /bin/sh;
			shellScript = "if which swiftlint >/dev/null; then\n  swiftlint\nelse\n  echo \"warning: SwiftLint not installed, download from https://github.com/realm/SwiftLint\"\nfi\n";
		};
/* End PBXShellScriptBuildPhase section */

/* Begin PBXSourcesBuildPhase section */
		ADFECC9B2AF65AAE001FF541 /* Sources */ = {
			isa = PBXSourcesBuildPhase;
			buildActionMask = 2147483647;
			files = (
				AD402CD92AF8D4BE00CBAA03 /* SceneAssembly.swift in Sources */,
				AD402D492AFCCAB500CBAA03 /* DomainConvertable.swift in Sources */,
				AD402CE42AF8D8C100CBAA03 /* MenuCell.swift in Sources */,
				AD402CBF2AF7A20900CBAA03 /* TextStyle.swift in Sources */,
				AD402CD52AF8D08800CBAA03 /* DIContainer.swift in Sources */,
				AD402D6D2AFE3FC800CBAA03 /* EpisodeDetailViewController.swift in Sources */,
				AD402D782AFE5C7A00CBAA03 /* CharacterService.swift in Sources */,
				AD402D812AFE785B00CBAA03 /* ImageService.swift in Sources */,
				ADFECCBD2AF66032001FF541 /* Coordinator.swift in Sources */,
				AD402CDB2AF8D51900CBAA03 /* WelcomeAssembly.swift in Sources */,
				AD175B5B2AF79E35008684F5 /* WelcomeViewModel.swift in Sources */,
				AD2AA2D32B065B3B00458E5E /* LocationListViewController.swift in Sources */,
				AD2AA2D72B065C9500458E5E /* LocationModel.swift in Sources */,
				ADFECCC12AF66073001FF541 /* NavigationController.swift in Sources */,
				AD402D952B01519E00CBAA03 /* ImageDataServiceCachingProtocol.swift in Sources */,
				ADFECCBF2AF6604E001FF541 /* ConfigurableCoordinator.swift in Sources */,
				AD402D522AFCD13500CBAA03 /* TableViewDataSource.swift in Sources */,
				AD402CF32AF8F4D300CBAA03 /* EpisodesCoordinator.swift in Sources */,
				AD402D0C2AF9006600CBAA03 /* URLRequest+Headers.swift in Sources */,
				AD2AA2E22B065F4F00458E5E /* CharacterResult.swift in Sources */,
				AD402D3E2AFCC9C400CBAA03 /* APIError.swift in Sources */,
				AD402D422AFCCA5000CBAA03 /* EpisodeApi.swift in Sources */,
				AD2AA2D52B065B6F00458E5E /* LocationListCoordinator.swift in Sources */,
				AD402D0E2AF9012100CBAA03 /* NetworkConfiguration.swift in Sources */,
				AD402D442AFCCA7100CBAA03 /* InfoApi.swift in Sources */,
				AD402D842AFFB05D00CBAA03 /* CacheService.swift in Sources */,
				AD402D5E2AFCF97200CBAA03 /* EpisodeHeaderViewModel.swift in Sources */,
				AD402CE82AF8DBE500CBAA03 /* MenuGalleryCollectionLayout.swift in Sources */,
				AD402D4E2AFCCE0D00CBAA03 /* EpisodeCell.swift in Sources */,
				AD402CCD2AF7AD2D00CBAA03 /* GradientButton.swift in Sources */,
				AD402D392AFCC93F00CBAA03 /* EpisodeModel.swift in Sources */,
				AD402D732AFE5B1E00CBAA03 /* CharacterModel.swift in Sources */,
				AD402D9E2B02825200CBAA03 /* CharacterDetailAssembly.swift in Sources */,
				AD402D922B00B25D00CBAA03 /* CharacterPageViewModel.swift in Sources */,
				AD402D3C2AFCC9BA00CBAA03 /* HTTPStatusCode.swift in Sources */,
				AD402D5A2AFCD5A900CBAA03 /* Bindable.swift in Sources */,
				AD402D6F2AFE57DE00CBAA03 /* CharacterCell.swift in Sources */,
				AD402D8E2AFFB45600CBAA03 /* CharacterDetailCoordinator.swift in Sources */,
				AD402D622AFE298E00CBAA03 /* SimpleViewStateHandleable.swift in Sources */,
				AD402CCA2AF7AC1E00CBAA03 /* UIView+Gradient.swift in Sources */,
				AD402CC82AF7A4C000CBAA03 /* WelcomeCoordinator.swift in Sources */,
				AD175B532AF79A7B008684F5 /* MenuViewModel.swift in Sources */,
				ADFECCA32AF65AAE001FF541 /* AppDelegate.swift in Sources */,
				AD402D752AFE5B7400CBAA03 /* CharacterApi.swift in Sources */,
				AD402D582AFCD3EF00CBAA03 /* EpisodeCellViewModel.swift in Sources */,
				AD175B5D2AF79E3C008684F5 /* WelcomeViewController.swift in Sources */,
				AD402CC42AF7A3F300CBAA03 /* R.generated.swift in Sources */,
				AD402D9B2B027C8C00CBAA03 /* EpisodeDetailAssembly.swift in Sources */,
				AD402D7C2AFE61F300CBAA03 /* CharacterEndpoint.swift in Sources */,
				AD2AA2DA2B065D6E00458E5E /* LocationService.swift in Sources */,
				AD2AA2D12B065B2B00458E5E /* LocationListViewModel.swift in Sources */,
				AD175B512AF79A5D008684F5 /* MenuViewController.swift in Sources */,
				ADFECCC52AF66169001FF541 /* BaseViewController.swift in Sources */,
				AD402CEA2AF8ECD900CBAA03 /* MenuCellViewModel.swift in Sources */,
				AD402D562AFCD22200CBAA03 /* TableSectionViewModel.swift in Sources */,
				AD175B552AF79A87008684F5 /* MenuCoordinator.swift in Sources */,
				AD402CC12AF7A22C00CBAA03 /* UIFont+AppFonts.swift in Sources */,
				AD2AA2DE2B065E0700458E5E /* LocationApi.swift in Sources */,
				AD402D712AFE5A5400CBAA03 /* CharacterCellViewModel.swift in Sources */,
				ADFECCC32AF6613F001FF541 /* NavigationPopObserver.swift in Sources */,
				ADFECCC82AF66378001FF541 /* AppCoordinator.swift in Sources */,
				AD402CFA2AF8F56800CBAA03 /* EpisodesAssembly.swift in Sources */,
				AD402D692AFE3FB800CBAA03 /* EpisodeDetailCoordinator.swift in Sources */,
				AD2AA2E02B065E9A00458E5E /* LocationEndpoint.swift in Sources */,
				AD402D002AF8F8FA00CBAA03 /* HasEpisodesService.swift in Sources */,
				AD2AA2DC2B065DDF00458E5E /* LocationResult.swift in Sources */,
				AD402D602AFE280200CBAA03 /* SimpleViewState.swift in Sources */,
				AD402D8A2AFFB44000CBAA03 /* CharacterDetailViewController.swift in Sources */,
				AD402CD12AF8CEC200CBAA03 /* DataStoreProtocol.swift in Sources */,
				AD402D5C2AFCF96800CBAA03 /* EpisodeHeaderView.swift in Sources */,
				AD402CE22AF8D85500CBAA03 /* ReuseIdentifiable.swift in Sources */,
				AD402D8C2AFFB44A00CBAA03 /* CharacterDetailViewModel.swift in Sources */,
				AD402D102AF9018F00CBAA03 /* EpisodeService.swift in Sources */,
				AD402CD32AF8CF1E00CBAA03 /* DataStoreService.swift in Sources */,
				AD402CF52AF8F4EF00CBAA03 /* EpisodesViewModel.swift in Sources */,
				AD402D902B00B13100CBAA03 /* CharacterPageView.swift in Sources */,
				AD402D7A2AFE616F00CBAA03 /* CharacterByEpisodeResult.swift in Sources */,
				AD402D642AFE2E0200CBAA03 /* TableViewDataSourcePrefetching.swift in Sources */,
				AD402CBD2AF7A1F400CBAA03 /* Label.swift in Sources */,
				AD402CF72AF8F4F600CBAA03 /* EpisodesViewController.swift in Sources */,
				AD402D0A2AF8FF9E00CBAA03 /* Endpoint.swift in Sources */,
				AD2AA2E42B0662DE00458E5E /* LocationCell.swift in Sources */,
				AD402CDD2AF8D5E100CBAA03 /* MenuAssembly.swift in Sources */,
				AD402D022AF8FABD00CBAA03 /* NetworkService.swift in Sources */,
				AD402D542AFCD1B400CBAA03 /* TableViewDataSourceProtocols.swift in Sources */,
				AD2AA2E62B06653800458E5E /* LocationCellViewModel.swift in Sources */,
				AD402D462AFCCA7E00CBAA03 /* EpisodeResult.swift in Sources */,
				AD402CD72AF8D0FD00CBAA03 /* DataSourceAssembly.swift in Sources */,
				AD402D6B2AFE3FBF00CBAA03 /* EpisodeDetailViewModel.swift in Sources */,
				AD402CE62AF8DBC400CBAA03 /* MenuListCollectionLayout.swift in Sources */,
				AD402D122AF901DD00CBAA03 /* EpisodeEndpoint.swift in Sources */,
				ADFECCA52AF65AAE001FF541 /* SceneDelegate.swift in Sources */,
			);
			runOnlyForDeploymentPostprocessing = 0;
		};
/* End PBXSourcesBuildPhase section */

/* Begin PBXVariantGroup section */
		ADFECCAD2AF65AB0001FF541 /* LaunchScreen.storyboard */ = {
			isa = PBXVariantGroup;
			children = (
				ADFECCAE2AF65AB0001FF541 /* Base */,
			);
			name = LaunchScreen.storyboard;
			sourceTree = "<group>";
		};
/* End PBXVariantGroup section */

/* Begin XCBuildConfiguration section */
		ADFECCB12AF65AB0001FF541 /* Debug */ = {
			isa = XCBuildConfiguration;
			buildSettings = {
				ALWAYS_SEARCH_USER_PATHS = NO;
				ASSETCATALOG_COMPILER_GENERATE_SWIFT_ASSET_SYMBOL_EXTENSIONS = YES;
				CLANG_ANALYZER_NONNULL = YES;
				CLANG_ANALYZER_NUMBER_OBJECT_CONVERSION = YES_AGGRESSIVE;
				CLANG_CXX_LANGUAGE_STANDARD = "gnu++20";
				CLANG_ENABLE_MODULES = YES;
				CLANG_ENABLE_OBJC_ARC = YES;
				CLANG_ENABLE_OBJC_WEAK = YES;
				CLANG_WARN_BLOCK_CAPTURE_AUTORELEASING = YES;
				CLANG_WARN_BOOL_CONVERSION = YES;
				CLANG_WARN_COMMA = YES;
				CLANG_WARN_CONSTANT_CONVERSION = YES;
				CLANG_WARN_DEPRECATED_OBJC_IMPLEMENTATIONS = YES;
				CLANG_WARN_DIRECT_OBJC_ISA_USAGE = YES_ERROR;
				CLANG_WARN_DOCUMENTATION_COMMENTS = YES;
				CLANG_WARN_EMPTY_BODY = YES;
				CLANG_WARN_ENUM_CONVERSION = YES;
				CLANG_WARN_INFINITE_RECURSION = YES;
				CLANG_WARN_INT_CONVERSION = YES;
				CLANG_WARN_NON_LITERAL_NULL_CONVERSION = YES;
				CLANG_WARN_OBJC_IMPLICIT_RETAIN_SELF = YES;
				CLANG_WARN_OBJC_LITERAL_CONVERSION = YES;
				CLANG_WARN_OBJC_ROOT_CLASS = YES_ERROR;
				CLANG_WARN_QUOTED_INCLUDE_IN_FRAMEWORK_HEADER = YES;
				CLANG_WARN_RANGE_LOOP_ANALYSIS = YES;
				CLANG_WARN_STRICT_PROTOTYPES = YES;
				CLANG_WARN_SUSPICIOUS_MOVE = YES;
				CLANG_WARN_UNGUARDED_AVAILABILITY = YES_AGGRESSIVE;
				CLANG_WARN_UNREACHABLE_CODE = YES;
				CLANG_WARN__DUPLICATE_METHOD_MATCH = YES;
				COPY_PHASE_STRIP = NO;
				DEBUG_INFORMATION_FORMAT = dwarf;
				ENABLE_STRICT_OBJC_MSGSEND = YES;
				ENABLE_TESTABILITY = YES;
				ENABLE_USER_SCRIPT_SANDBOXING = NO;
				GCC_C_LANGUAGE_STANDARD = gnu17;
				GCC_DYNAMIC_NO_PIC = NO;
				GCC_NO_COMMON_BLOCKS = YES;
				GCC_OPTIMIZATION_LEVEL = 0;
				GCC_PREPROCESSOR_DEFINITIONS = (
					"DEBUG=1",
					"$(inherited)",
				);
				GCC_WARN_64_TO_32_BIT_CONVERSION = YES;
				GCC_WARN_ABOUT_RETURN_TYPE = YES_ERROR;
				GCC_WARN_UNDECLARED_SELECTOR = YES;
				GCC_WARN_UNINITIALIZED_AUTOS = YES_AGGRESSIVE;
				GCC_WARN_UNUSED_FUNCTION = YES;
				GCC_WARN_UNUSED_VARIABLE = YES;
				IPHONEOS_DEPLOYMENT_TARGET = 17.0;
				LOCALIZATION_PREFERS_STRING_CATALOGS = YES;
				MTL_ENABLE_DEBUG_INFO = INCLUDE_SOURCE;
				MTL_FAST_MATH = YES;
				ONLY_ACTIVE_ARCH = YES;
				SDKROOT = iphoneos;
				SWIFT_ACTIVE_COMPILATION_CONDITIONS = "DEBUG $(inherited)";
				SWIFT_OPTIMIZATION_LEVEL = "-Onone";
			};
			name = Debug;
		};
		ADFECCB22AF65AB0001FF541 /* Release */ = {
			isa = XCBuildConfiguration;
			buildSettings = {
				ALWAYS_SEARCH_USER_PATHS = NO;
				ASSETCATALOG_COMPILER_GENERATE_SWIFT_ASSET_SYMBOL_EXTENSIONS = YES;
				CLANG_ANALYZER_NONNULL = YES;
				CLANG_ANALYZER_NUMBER_OBJECT_CONVERSION = YES_AGGRESSIVE;
				CLANG_CXX_LANGUAGE_STANDARD = "gnu++20";
				CLANG_ENABLE_MODULES = YES;
				CLANG_ENABLE_OBJC_ARC = YES;
				CLANG_ENABLE_OBJC_WEAK = YES;
				CLANG_WARN_BLOCK_CAPTURE_AUTORELEASING = YES;
				CLANG_WARN_BOOL_CONVERSION = YES;
				CLANG_WARN_COMMA = YES;
				CLANG_WARN_CONSTANT_CONVERSION = YES;
				CLANG_WARN_DEPRECATED_OBJC_IMPLEMENTATIONS = YES;
				CLANG_WARN_DIRECT_OBJC_ISA_USAGE = YES_ERROR;
				CLANG_WARN_DOCUMENTATION_COMMENTS = YES;
				CLANG_WARN_EMPTY_BODY = YES;
				CLANG_WARN_ENUM_CONVERSION = YES;
				CLANG_WARN_INFINITE_RECURSION = YES;
				CLANG_WARN_INT_CONVERSION = YES;
				CLANG_WARN_NON_LITERAL_NULL_CONVERSION = YES;
				CLANG_WARN_OBJC_IMPLICIT_RETAIN_SELF = YES;
				CLANG_WARN_OBJC_LITERAL_CONVERSION = YES;
				CLANG_WARN_OBJC_ROOT_CLASS = YES_ERROR;
				CLANG_WARN_QUOTED_INCLUDE_IN_FRAMEWORK_HEADER = YES;
				CLANG_WARN_RANGE_LOOP_ANALYSIS = YES;
				CLANG_WARN_STRICT_PROTOTYPES = YES;
				CLANG_WARN_SUSPICIOUS_MOVE = YES;
				CLANG_WARN_UNGUARDED_AVAILABILITY = YES_AGGRESSIVE;
				CLANG_WARN_UNREACHABLE_CODE = YES;
				CLANG_WARN__DUPLICATE_METHOD_MATCH = YES;
				COPY_PHASE_STRIP = NO;
				DEBUG_INFORMATION_FORMAT = "dwarf-with-dsym";
				ENABLE_NS_ASSERTIONS = NO;
				ENABLE_STRICT_OBJC_MSGSEND = YES;
				ENABLE_USER_SCRIPT_SANDBOXING = NO;
				GCC_C_LANGUAGE_STANDARD = gnu17;
				GCC_NO_COMMON_BLOCKS = YES;
				GCC_WARN_64_TO_32_BIT_CONVERSION = YES;
				GCC_WARN_ABOUT_RETURN_TYPE = YES_ERROR;
				GCC_WARN_UNDECLARED_SELECTOR = YES;
				GCC_WARN_UNINITIALIZED_AUTOS = YES_AGGRESSIVE;
				GCC_WARN_UNUSED_FUNCTION = YES;
				GCC_WARN_UNUSED_VARIABLE = YES;
				IPHONEOS_DEPLOYMENT_TARGET = 17.0;
				LOCALIZATION_PREFERS_STRING_CATALOGS = YES;
				MTL_ENABLE_DEBUG_INFO = NO;
				MTL_FAST_MATH = YES;
				SDKROOT = iphoneos;
				SWIFT_COMPILATION_MODE = wholemodule;
				VALIDATE_PRODUCT = YES;
			};
			name = Release;
		};
		ADFECCB42AF65AB0001FF541 /* Debug */ = {
			isa = XCBuildConfiguration;
			baseConfigurationReference = 403FF0B6B88A2E5CD9CE3B61 /* Pods-RickAndMorty.debug.xcconfig */;
			buildSettings = {
				ASSETCATALOG_COMPILER_APPICON_NAME = AppIcon;
				ASSETCATALOG_COMPILER_GLOBAL_ACCENT_COLOR_NAME = AccentColor;
				CODE_SIGN_STYLE = Automatic;
				CURRENT_PROJECT_VERSION = 1;
				DEVELOPMENT_TEAM = 9839CB7CHG;
				GENERATE_INFOPLIST_FILE = YES;
				INFOPLIST_FILE = RickAndMorty/Info.plist;
				INFOPLIST_KEY_UIApplicationSupportsIndirectInputEvents = YES;
				INFOPLIST_KEY_UILaunchStoryboardName = LaunchScreen;
				INFOPLIST_KEY_UIMainStoryboardFile = "";
				INFOPLIST_KEY_UISupportedInterfaceOrientations = UIInterfaceOrientationPortrait;
				IPHONEOS_DEPLOYMENT_TARGET = 13.0;
				LD_RUNPATH_SEARCH_PATHS = (
					"$(inherited)",
					"@executable_path/Frameworks",
				);
				MARKETING_VERSION = 1.0;
				PRODUCT_BUNDLE_IDENTIFIER = start.RickAndMorty;
				PRODUCT_NAME = "$(TARGET_NAME)";
				SWIFT_EMIT_LOC_STRINGS = YES;
				SWIFT_VERSION = 5.0;
				TARGETED_DEVICE_FAMILY = "1,2";
			};
			name = Debug;
		};
		ADFECCB52AF65AB0001FF541 /* Release */ = {
			isa = XCBuildConfiguration;
			baseConfigurationReference = BEC65BD5046138B518C806FC /* Pods-RickAndMorty.release.xcconfig */;
			buildSettings = {
				ASSETCATALOG_COMPILER_APPICON_NAME = AppIcon;
				ASSETCATALOG_COMPILER_GLOBAL_ACCENT_COLOR_NAME = AccentColor;
				CODE_SIGN_STYLE = Automatic;
				CURRENT_PROJECT_VERSION = 1;
				DEVELOPMENT_TEAM = 9839CB7CHG;
				GENERATE_INFOPLIST_FILE = YES;
				INFOPLIST_FILE = RickAndMorty/Info.plist;
				INFOPLIST_KEY_UIApplicationSupportsIndirectInputEvents = YES;
				INFOPLIST_KEY_UILaunchStoryboardName = LaunchScreen;
				INFOPLIST_KEY_UIMainStoryboardFile = "";
				INFOPLIST_KEY_UISupportedInterfaceOrientations = UIInterfaceOrientationPortrait;
				IPHONEOS_DEPLOYMENT_TARGET = 13.0;
				LD_RUNPATH_SEARCH_PATHS = (
					"$(inherited)",
					"@executable_path/Frameworks",
				);
				MARKETING_VERSION = 1.0;
				PRODUCT_BUNDLE_IDENTIFIER = start.RickAndMorty;
				PRODUCT_NAME = "$(TARGET_NAME)";
				SWIFT_EMIT_LOC_STRINGS = YES;
				SWIFT_VERSION = 5.0;
				TARGETED_DEVICE_FAMILY = "1,2";
			};
			name = Release;
		};
/* End XCBuildConfiguration section */

/* Begin XCConfigurationList section */
		ADFECC9A2AF65AAE001FF541 /* Build configuration list for PBXProject "RickAndMorty" */ = {
			isa = XCConfigurationList;
			buildConfigurations = (
				ADFECCB12AF65AB0001FF541 /* Debug */,
				ADFECCB22AF65AB0001FF541 /* Release */,
			);
			defaultConfigurationIsVisible = 0;
			defaultConfigurationName = Release;
		};
		ADFECCB32AF65AB0001FF541 /* Build configuration list for PBXNativeTarget "RickAndMorty" */ = {
			isa = XCConfigurationList;
			buildConfigurations = (
				ADFECCB42AF65AB0001FF541 /* Debug */,
				ADFECCB52AF65AB0001FF541 /* Release */,
			);
			defaultConfigurationIsVisible = 0;
			defaultConfigurationName = Release;
		};
/* End XCConfigurationList section */
	};
	rootObject = ADFECC972AF65AAE001FF541 /* Project object */;
}
